
Microsoft Visual Studio Solution File, Format Version 12.00
# Visual Studio 15
VisualStudioVersion = 15.0.27703.2035
MinimumVisualStudioVersion = 10.0.40219.1
Project("{8BC9CEB8-8B4A-11D0-8D11-00A0C91BC942}") = "prova address", "prova address\prova address.vcxproj", "{46A392FE-9B6A-4081-B368-EC673AD04DA5}"
EndProject
Global
	GlobalSection(SolutionConfigurationPlatforms) = preSolution
		Debug|x64 = Debug|x64
		Debug|x86 = Debug|x86
		Release|x64 = Release|x64
		Release|x86 = Release|x86
	EndGlobalSection
	GlobalSection(ProjectConfigurationPlatforms) = postSolution
		{46A392FE-9B6A-4081-B368-EC673AD04DA5}.Debug|x64.ActiveCfg = Debug|x64
		{46A392FE-9B6A-4081-B368-EC673AD04DA5}.Debug|x64.Build.0 = Debug|x64
		{46A392FE-9B6A-4081-B368-EC673AD04DA5}.Debug|x86.ActiveCfg = Debug|Win32
		{46A392FE-9B6A-4081-B368-EC673AD04DA5}.Debug|x86.Build.0 = Debug|Win32
		{46A392FE-9B6A-4081-B368-EC673AD04DA5}.Release|x64.ActiveCfg = Release|x64
		{46A392FE-9B6A-4081-B368-EC673AD04DA5}.Release|x64.Build.0 = Release|x64
		{46A392FE-9B6A-4081-B368-EC673AD04DA5}.Release|x86.ActiveCfg = Release|Win32
		{46A392FE-9B6A-4081-B368-EC673AD04DA5}.Release|x86.Build.0 = Release|Win32
	EndGlobalSection
	GlobalSection(SolutionProperties) = preSolution
		HideSolutionNode = FALSE
	EndGlobalSection
	GlobalSection(ExtensibilityGlobals) = postSolution
		SolutionGuid = {5148931C-F95F-4BBF-92D4-7C280A4EE510}
	EndGlobalSection
EndGlobal
